
Microsoft Visual Studio Solution File, Format Version 12.00
# Visual Studio Version 16
VisualStudioVersion = 16.0.29509.3
MinimumVisualStudioVersion = 10.0.40219.1
Project("{FAE04EC0-301F-11D3-BF4B-00C04F79EFBC}") = "DatetimeArge", "DatetimeArge.csproj", "{7D79B2C5-871A-4B56-9167-130AD117BE01}"
EndProject
Project("{E53339B2-1760-4266-BCC7-CA923CBCF16C}") = "docker-compose", "docker-compose.dcproj", "{0D147B5B-A6BF-449C-8726-44B7E31663D1}"
EndProject
Global
	GlobalSection(SolutionConfigurationPlatforms) = preSolution
		Debug|Any CPU = Debug|Any CPU
		Release|Any CPU = Release|Any CPU
	EndGlobalSection
	GlobalSection(ProjectConfigurationPlatforms) = postSolution
		{7D79B2C5-871A-4B56-9167-130AD117BE01}.Debug|Any CPU.ActiveCfg = Debug|Any CPU
		{7D79B2C5-871A-4B56-9167-130AD117BE01}.Debug|Any CPU.Build.0 = Debug|Any CPU
		{7D79B2C5-871A-4B56-9167-130AD117BE01}.Release|Any CPU.ActiveCfg = Release|Any CPU
		{7D79B2C5-871A-4B56-9167-130AD117BE01}.Release|Any CPU.Build.0 = Release|Any CPU
		{0D147B5B-A6BF-449C-8726-44B7E31663D1}.Debug|Any CPU.ActiveCfg = Debug|Any CPU
		{0D147B5B-A6BF-449C-8726-44B7E31663D1}.Debug|Any CPU.Build.0 = Debug|Any CPU
		{0D147B5B-A6BF-449C-8726-44B7E31663D1}.Release|Any CPU.ActiveCfg = Release|Any CPU
		{0D147B5B-A6BF-449C-8726-44B7E31663D1}.Release|Any CPU.Build.0 = Release|Any CPU
	EndGlobalSection
	GlobalSection(SolutionProperties) = preSolution
		HideSolutionNode = FALSE
	EndGlobalSection
	GlobalSection(ExtensibilityGlobals) = postSolution
		SolutionGuid = {B981B6F4-C668-44D6-AAAA-1B3795E130DC}
	EndGlobalSection
EndGlobal
